
Microsoft Visual Studio Solution File, Format Version 12.00
# Visual Studio Version 16
VisualStudioVersion = 16.0.30114.105
MinimumVisualStudioVersion = 10.0.40219.1
Project("{9A19103F-16F7-4668-BE54-9A1E7A4F7556}") = "RemotePlusClient", "RemotePlusClient\RemotePlusClient.csproj", "{E762756E-1C47-4A6D-9305-FFDCCF80CB22}"
EndProject
Project("{8BC9CEB8-8B4A-11D0-8D11-00A0C91BC942}") = "DShowLib", "DShowLib\DShowLib.vcxproj", "{1F8946ED-705A-4E48-A26D-C12F20A6F187}"
EndProject
Global
	GlobalSection(SolutionConfigurationPlatforms) = preSolution
		Debug|Any CPU = Debug|Any CPU
		Debug|x64 = Debug|x64
		Debug|x86 = Debug|x86
		Release|Any CPU = Release|Any CPU
		Release|x64 = Release|x64
		Release|x86 = Release|x86
	EndGlobalSection
	GlobalSection(ProjectConfigurationPlatforms) = postSolution
		{E762756E-1C47-4A6D-9305-FFDCCF80CB22}.Debug|Any CPU.ActiveCfg = Debug|Any CPU
		{E762756E-1C47-4A6D-9305-FFDCCF80CB22}.Debug|Any CPU.Build.0 = Debug|Any CPU
		{E762756E-1C47-4A6D-9305-FFDCCF80CB22}.Debug|x64.ActiveCfg = Debug|Any CPU
		{E762756E-1C47-4A6D-9305-FFDCCF80CB22}.Debug|x64.Build.0 = Debug|Any CPU
		{E762756E-1C47-4A6D-9305-FFDCCF80CB22}.Debug|x86.ActiveCfg = Debug|Any CPU
		{E762756E-1C47-4A6D-9305-FFDCCF80CB22}.Debug|x86.Build.0 = Debug|Any CPU
		{E762756E-1C47-4A6D-9305-FFDCCF80CB22}.Release|Any CPU.ActiveCfg = Debug|Any CPU
		{E762756E-1C47-4A6D-9305-FFDCCF80CB22}.Release|Any CPU.Build.0 = Debug|Any CPU
		{E762756E-1C47-4A6D-9305-FFDCCF80CB22}.Release|x64.ActiveCfg = Debug|Any CPU
		{E762756E-1C47-4A6D-9305-FFDCCF80CB22}.Release|x64.Build.0 = Debug|Any CPU
		{E762756E-1C47-4A6D-9305-FFDCCF80CB22}.Release|x86.ActiveCfg = Debug|Any CPU
		{E762756E-1C47-4A6D-9305-FFDCCF80CB22}.Release|x86.Build.0 = Debug|Any CPU
		{1F8946ED-705A-4E48-A26D-C12F20A6F187}.Debug|Any CPU.ActiveCfg = Debug|Win32
		{1F8946ED-705A-4E48-A26D-C12F20A6F187}.Debug|x64.ActiveCfg = Debug|x64
		{1F8946ED-705A-4E48-A26D-C12F20A6F187}.Debug|x86.ActiveCfg = Debug|Win32
		{1F8946ED-705A-4E48-A26D-C12F20A6F187}.Debug|x86.Build.0 = Debug|Win32
		{1F8946ED-705A-4E48-A26D-C12F20A6F187}.Release|Any CPU.ActiveCfg = Debug|Win32
		{1F8946ED-705A-4E48-A26D-C12F20A6F187}.Release|x64.ActiveCfg = Debug|x64
		{1F8946ED-705A-4E48-A26D-C12F20A6F187}.Release|x86.ActiveCfg = Debug|Win32
		{1F8946ED-705A-4E48-A26D-C12F20A6F187}.Release|x86.Build.0 = Release|Win32
	EndGlobalSection
	GlobalSection(SolutionProperties) = preSolution
		HideSolutionNode = FALSE
	EndGlobalSection
	GlobalSection(ExtensibilityGlobals) = postSolution
		SolutionGuid = {0ADBE56B-D14D-41DA-8E89-0094D1F8E573}
	EndGlobalSection
EndGlobal
